
Microsoft Visual Studio Solution File, Format Version 12.00
# Visual Studio Version 18
VisualStudioVersion = 18.1.11312.151 d18.0
MinimumVisualStudioVersion = 10.0.40219.1
Project("{FAE04EC0-301F-11D3-BF4B-00C04F79EFBC}") = "GcodeAnalyzer", "GcodeAnalyzer.csproj", "{4DA17B6F-61F1-E325-2BC0-CE455763F980}"
EndProject
Global
	GlobalSection(SolutionConfigurationPlatforms) = preSolution
		Debug|Any CPU = Debug|Any CPU
		Release|Any CPU = Release|Any CPU
	EndGlobalSection
	GlobalSection(ProjectConfigurationPlatforms) = postSolution
		{4DA17B6F-61F1-E325-2BC0-CE455763F980}.Debug|Any CPU.ActiveCfg = Debug|Any CPU
		{4DA17B6F-61F1-E325-2BC0-CE455763F980}.Debug|Any CPU.Build.0 = Debug|Any CPU
		{4DA17B6F-61F1-E325-2BC0-CE455763F980}.Release|Any CPU.ActiveCfg = Release|Any CPU
		{4DA17B6F-61F1-E325-2BC0-CE455763F980}.Release|Any CPU.Build.0 = Release|Any CPU
	EndGlobalSection
	GlobalSection(SolutionProperties) = preSolution
		HideSolutionNode = FALSE
	EndGlobalSection
	GlobalSection(ExtensibilityGlobals) = postSolution
		SolutionGuid = {441E132F-A82B-4C35-94B9-3967A26FEC0A}
	EndGlobalSection
EndGlobal
